
Microsoft Visual Studio Solution File, Format Version 12.00
# Visual Studio Version 17
VisualStudioVersion = 17.1.32414.318
MinimumVisualStudioVersion = 10.0.40219.1
Project("{FAE04EC0-301F-11D3-BF4B-00C04F79EFBC}") = "exercicio5", "exercicio5.csproj", "{B2D65A71-0EAA-470B-9ED5-3E45EAA4E4F4}"
EndProject
Global
	GlobalSection(SolutionConfigurationPlatforms) = preSolution
		Debug|Any CPU = Debug|Any CPU
		Release|Any CPU = Release|Any CPU
	EndGlobalSection
	GlobalSection(ProjectConfigurationPlatforms) = postSolution
		{B2D65A71-0EAA-470B-9ED5-3E45EAA4E4F4}.Debug|Any CPU.ActiveCfg = Debug|Any CPU
		{B2D65A71-0EAA-470B-9ED5-3E45EAA4E4F4}.Debug|Any CPU.Build.0 = Debug|Any CPU
		{B2D65A71-0EAA-470B-9ED5-3E45EAA4E4F4}.Release|Any CPU.ActiveCfg = Release|Any CPU
		{B2D65A71-0EAA-470B-9ED5-3E45EAA4E4F4}.Release|Any CPU.Build.0 = Release|Any CPU
	EndGlobalSection
	GlobalSection(SolutionProperties) = preSolution
		HideSolutionNode = FALSE
	EndGlobalSection
	GlobalSection(ExtensibilityGlobals) = postSolution
		SolutionGuid = {02D7BBE5-3B42-4062-BF13-F3ADA369B5FC}
	EndGlobalSection
EndGlobal
